schema: '2.0'
stages:
  data_ingestion:
    cmd: python src/components/data_ingestion.py
    deps:
    - path: src/components/data_ingestion.py
      hash: md5
      md5: bc2883e593affa43f6529093434db6aa
      size: 3499
    outs:
    - path: data/raw.csv
      hash: md5
      md5: 0758e9fa7208e56198ef7a091384253b
      size: 54967
    - path: data/test.csv
      hash: md5
      md5: 4fe749515fa2e7b2a0cb9df61e28d5d4
      size: 11084
    - path: data/train.csv
      hash: md5
      md5: 3eb6c73b704503926660f4d3ec7a99d3
      size: 43981
